// !$*UTF8*$!
{
	archiveVersion = 1;
	classes = {
	};
	objectVersion = 46;
	objects = {

/* Begin PBXBuildFile section */
		A1A0F9D41A74FCE10050879E /* HistoryViewController.m in Sources */ = {isa = PBXBuildFile; fileRef = A1A0F9D31A74FCE10050879E /* HistoryViewController.m */; };
		A1A0F9D71A750BFF0050879E /* EntryViewController.m in Sources */ = {isa = PBXBuildFile; fileRef = A1A0F9D61A750BFF0050879E /* EntryViewController.m */; };
		B76BA5211A74C0A60094C369 /* main.m in Sources */ = {isa = PBXBuildFile; fileRef = B76BA5201A74C0A60094C369 /* main.m */; };
		B76BA5241A74C0A60094C369 /* AppDelegate.m in Sources */ = {isa = PBXBuildFile; fileRef = B76BA5231A74C0A60094C369 /* AppDelegate.m */; };
		B76BA5271A74C0A60094C369 /* Mend.xcdatamodeld in Sources */ = {isa = PBXBuildFile; fileRef = B76BA5251A74C0A60094C369 /* Mend.xcdatamodeld */; };
		B76BA52D1A74C0A60094C369 /* Main.storyboard in Resources */ = {isa = PBXBuildFile; fileRef = B76BA52B1A74C0A60094C369 /* Main.storyboard */; };
		B76BA52F1A74C0A60094C369 /* Images.xcassets in Resources */ = {isa = PBXBuildFile; fileRef = B76BA52E1A74C0A60094C369 /* Images.xcassets */; };
		B76BA5321A74C0A60094C369 /* LaunchScreen.xib in Resources */ = {isa = PBXBuildFile; fileRef = B76BA5301A74C0A60094C369 /* LaunchScreen.xib */; };
		B76BA53E1A74C0A60094C369 /* MendTests.m in Sources */ = {isa = PBXBuildFile; fileRef = B76BA53D1A74C0A60094C369 /* MendTests.m */; };
		B76BA5501A74C39E0094C369 /* LaunchViewController.m in Sources */ = {isa = PBXBuildFile; fileRef = B76BA54F1A74C39E0094C369 /* LaunchViewController.m */; };
		B76BA55A1A74DAA40094C369 /* Patient.m in Sources */ = {isa = PBXBuildFile; fileRef = B76BA5591A74DAA40094C369 /* Patient.m */; };
		B76BA55D1A74DAD00094C369 /* Entry.m in Sources */ = {isa = PBXBuildFile; fileRef = B76BA55C1A74DAD00094C369 /* Entry.m */; };
		B76BA5601A74DAE90094C369 /* Professional.m in Sources */ = {isa = PBXBuildFile; fileRef = B76BA55F1A74DAE90094C369 /* Professional.m */; };
		B76BA5631A74DAF60094C369 /* Symptom.m in Sources */ = {isa = PBXBuildFile; fileRef = B76BA5621A74DAF60094C369 /* Symptom.m */; };
		B76BA5661A74DBB10094C369 /* Drug.m in Sources */ = {isa = PBXBuildFile; fileRef = B76BA5651A74DBB10094C369 /* Drug.m */; };
		B76BA5691A74E7A60094C369 /* NewEntryViewController.m in Sources */ = {isa = PBXBuildFile; fileRef = B76BA5681A74E7A60094C369 /* NewEntryViewController.m */; };
/* End PBXBuildFile section */

/* Begin PBXContainerItemProxy section */
		B76BA5381A74C0A60094C369 /* PBXContainerItemProxy */ = {
			isa = PBXContainerItemProxy;
			containerPortal = B76BA5131A74C0A60094C369 /* Project object */;
			proxyType = 1;
			remoteGlobalIDString = B76BA51A1A74C0A60094C369;
			remoteInfo = Mend;
		};
/* End PBXContainerItemProxy section */

/* Begin PBXFileReference section */
		A1A0F9D21A74FCE10050879E /* HistoryViewController.h */ = {isa = PBXFileReference; fileEncoding = 4; lastKnownFileType = sourcecode.c.h; path = HistoryViewController.h; sourceTree = "<group>"; };
		A1A0F9D31A74FCE10050879E /* HistoryViewController.m */ = {isa = PBXFileReference; fileEncoding = 4; lastKnownFileType = sourcecode.c.objc; path = HistoryViewController.m; sourceTree = "<group>"; };
		A1A0F9D51A750BFF0050879E /* EntryViewController.h */ = {isa = PBXFileReference; fileEncoding = 4; lastKnownFileType = sourcecode.c.h; path = EntryViewController.h; sourceTree = "<group>"; };
		A1A0F9D61A750BFF0050879E /* EntryViewController.m */ = {isa = PBXFileReference; fileEncoding = 4; lastKnownFileType = sourcecode.c.objc; path = EntryViewController.m; sourceTree = "<group>"; };
		B76BA51B1A74C0A60094C369 /* Mend.app */ = {isa = PBXFileReference; explicitFileType = wrapper.application; includeInIndex = 0; path = Mend.app; sourceTree = BUILT_PRODUCTS_DIR; };
		B76BA51F1A74C0A60094C369 /* Info.plist */ = {isa = PBXFileReference; lastKnownFileType = text.plist.xml; path = Info.plist; sourceTree = "<group>"; };
		B76BA5201A74C0A60094C369 /* main.m */ = {isa = PBXFileReference; lastKnownFileType = sourcecode.c.objc; path = main.m; sourceTree = "<group>"; };
		B76BA5221A74C0A60094C369 /* AppDelegate.h */ = {isa = PBXFileReference; lastKnownFileType = sourcecode.c.h; path = AppDelegate.h; sourceTree = "<group>"; };
		B76BA5231A74C0A60094C369 /* AppDelegate.m */ = {isa = PBXFileReference; lastKnownFileType = sourcecode.c.objc; path = AppDelegate.m; sourceTree = "<group>"; };
		B76BA5261A74C0A60094C369 /* Mend.xcdatamodel */ = {isa = PBXFileReference; lastKnownFileType = wrapper.xcdatamodel; path = Mend.xcdatamodel; sourceTree = "<group>"; };
		B76BA52C1A74C0A60094C369 /* Base */ = {isa = PBXFileReference; lastKnownFileType = file.storyboard; name = Base; path = Base.lproj/Main.storyboard; sourceTree = "<group>"; };
		B76BA52E1A74C0A60094C369 /* Images.xcassets */ = {isa = PBXFileReference; lastKnownFileType = folder.assetcatalog; path = Images.xcassets; sourceTree = "<group>"; };
		B76BA5311A74C0A60094C369 /* Base */ = {isa = PBXFileReference; lastKnownFileType = file.xib; name = Base; path = Base.lproj/LaunchScreen.xib; sourceTree = "<group>"; };
		B76BA5371A74C0A60094C369 /* MendTests.xctest */ = {isa = PBXFileReference; explicitFileType = wrapper.cfbundle; includeInIndex = 0; path = MendTests.xctest; sourceTree = BUILT_PRODUCTS_DIR; };
		B76BA53C1A74C0A60094C369 /* Info.plist */ = {isa = PBXFileReference; lastKnownFileType = text.plist.xml; path = Info.plist; sourceTree = "<group>"; };
		B76BA53D1A74C0A60094C369 /* MendTests.m */ = {isa = PBXFileReference; lastKnownFileType = sourcecode.c.objc; path = MendTests.m; sourceTree = "<group>"; };
		B76BA54E1A74C39E0094C369 /* LaunchViewController.h */ = {isa = PBXFileReference; fileEncoding = 4; lastKnownFileType = sourcecode.c.h; path = LaunchViewController.h; sourceTree = "<group>"; };
		B76BA54F1A74C39E0094C369 /* LaunchViewController.m */ = {isa = PBXFileReference; fileEncoding = 4; lastKnownFileType = sourcecode.c.objc; path = LaunchViewController.m; sourceTree = "<group>"; };
		B76BA5581A74DAA40094C369 /* Patient.h */ = {isa = PBXFileReference; fileEncoding = 4; lastKnownFileType = sourcecode.c.h; path = Patient.h; sourceTree = "<group>"; };
		B76BA5591A74DAA40094C369 /* Patient.m */ = {isa = PBXFileReference; fileEncoding = 4; lastKnownFileType = sourcecode.c.objc; path = Patient.m; sourceTree = "<group>"; };
		B76BA55B1A74DAD00094C369 /* Entry.h */ = {isa = PBXFileReference; fileEncoding = 4; lastKnownFileType = sourcecode.c.h; path = Entry.h; sourceTree = "<group>"; };
		B76BA55C1A74DAD00094C369 /* Entry.m */ = {isa = PBXFileReference; fileEncoding = 4; lastKnownFileType = sourcecode.c.objc; path = Entry.m; sourceTree = "<group>"; };
		B76BA55E1A74DAE90094C369 /* Professional.h */ = {isa = PBXFileReference; fileEncoding = 4; lastKnownFileType = sourcecode.c.h; path = Professional.h; sourceTree = "<group>"; };
		B76BA55F1A74DAE90094C369 /* Professional.m */ = {isa = PBXFileReference; fileEncoding = 4; lastKnownFileType = sourcecode.c.objc; path = Professional.m; sourceTree = "<group>"; };
		B76BA5611A74DAF60094C369 /* Symptom.h */ = {isa = PBXFileReference; fileEncoding = 4; lastKnownFileType = sourcecode.c.h; path = Symptom.h; sourceTree = "<group>"; };
		B76BA5621A74DAF60094C369 /* Symptom.m */ = {isa = PBXFileReference; fileEncoding = 4; lastKnownFileType = sourcecode.c.objc; path = Symptom.m; sourceTree = "<group>"; };
		B76BA5641A74DBB10094C369 /* Drug.h */ = {isa = PBXFileReference; fileEncoding = 4; lastKnownFileType = sourcecode.c.h; path = Drug.h; sourceTree = "<group>"; };
		B76BA5651A74DBB10094C369 /* Drug.m */ = {isa = PBXFileReference; fileEncoding = 4; lastKnownFileType = sourcecode.c.objc; path = Drug.m; sourceTree = "<group>"; };
		B76BA5671A74E7A60094C369 /* NewEntryViewController.h */ = {isa = PBXFileReference; fileEncoding = 4; lastKnownFileType = sourcecode.c.h; path = NewEntryViewController.h; sourceTree = "<group>"; };
		B76BA5681A74E7A60094C369 /* NewEntryViewController.m */ = {isa = PBXFileReference; fileEncoding = 4; lastKnownFileType = sourcecode.c.objc; path = NewEntryViewController.m; sourceTree = "<group>"; };
/* End PBXFileReference section */

/* Begin PBXFrameworksBuildPhase section */
		B76BA5181A74C0A60094C369 /* Frameworks */ = {
			isa = PBXFrameworksBuildPhase;
			buildActionMask = 2147483647;
			files = (
			);
			runOnlyForDeploymentPostprocessing = 0;
		};
		B76BA5341A74C0A60094C369 /* Frameworks */ = {
			isa = PBXFrameworksBuildPhase;
			buildActionMask = 2147483647;
			files = (
			);
			runOnlyForDeploymentPostprocessing = 0;
		};
/* End PBXFrameworksBuildPhase section */

/* Begin PBXGroup section */
		B76BA5121A74C0A60094C369 = {
			isa = PBXGroup;
			children = (
				B76BA51D1A74C0A60094C369 /* Mend */,
				B76BA53A1A74C0A60094C369 /* MendTests */,
				B76BA51C1A74C0A60094C369 /* Products */,
			);
			sourceTree = "<group>";
		};
		B76BA51C1A74C0A60094C369 /* Products */ = {
			isa = PBXGroup;
			children = (
				B76BA51B1A74C0A60094C369 /* Mend.app */,
				B76BA5371A74C0A60094C369 /* MendTests.xctest */,
			);
			name = Products;
			sourceTree = "<group>";
		};
		B76BA51D1A74C0A60094C369 /* Mend */ = {
			isa = PBXGroup;
			children = (
				B76BA5221A74C0A60094C369 /* AppDelegate.h */,
				B76BA5231A74C0A60094C369 /* AppDelegate.m */,
				B76BA52B1A74C0A60094C369 /* Main.storyboard */,
				B76BA52E1A74C0A60094C369 /* Images.xcassets */,
				B76BA5301A74C0A60094C369 /* LaunchScreen.xib */,
				B76BA5251A74C0A60094C369 /* Mend.xcdatamodeld */,
				B76BA51E1A74C0A60094C369 /* Supporting Files */,
				B76BA5531A74D18C0094C369 /* Model */,
				B76BA5571A74D1B90094C369 /* Controllers */,
				B76BA5551A74D1A20094C369 /* View */,
			);
			path = Mend;
			sourceTree = "<group>";
		};
		B76BA51E1A74C0A60094C369 /* Supporting Files */ = {
			isa = PBXGroup;
			children = (
				B76BA51F1A74C0A60094C369 /* Info.plist */,
				B76BA5201A74C0A60094C369 /* main.m */,
			);
			name = "Supporting Files";
			sourceTree = "<group>";
		};
		B76BA53A1A74C0A60094C369 /* MendTests */ = {
			isa = PBXGroup;
			children = (
				B76BA53D1A74C0A60094C369 /* MendTests.m */,
				B76BA53B1A74C0A60094C369 /* Supporting Files */,
			);
			path = MendTests;
			sourceTree = "<group>";
		};
		B76BA53B1A74C0A60094C369 /* Supporting Files */ = {
			isa = PBXGroup;
			children = (
				B76BA53C1A74C0A60094C369 /* Info.plist */,
			);
			name = "Supporting Files";
			sourceTree = "<group>";
		};
		B76BA5531A74D18C0094C369 /* Model */ = {
			isa = PBXGroup;
			children = (
				B76BA5581A74DAA40094C369 /* Patient.h */,
				B76BA5591A74DAA40094C369 /* Patient.m */,
				B76BA55E1A74DAE90094C369 /* Professional.h */,
				B76BA55F1A74DAE90094C369 /* Professional.m */,
				B76BA5611A74DAF60094C369 /* Symptom.h */,
				B76BA5621A74DAF60094C369 /* Symptom.m */,
				B76BA5641A74DBB10094C369 /* Drug.h */,
				B76BA5651A74DBB10094C369 /* Drug.m */,
				B76BA55B1A74DAD00094C369 /* Entry.h */,
				B76BA55C1A74DAD00094C369 /* Entry.m */,
			);
			name = Model;
			sourceTree = "<group>";
		};
		B76BA5551A74D1A20094C369 /* View */ = {
			isa = PBXGroup;
			children = (
			);
			name = View;
			sourceTree = "<group>";
		};
		B76BA5571A74D1B90094C369 /* Controllers */ = {
			isa = PBXGroup;
			children = (
				B76BA54E1A74C39E0094C369 /* LaunchViewController.h */,
				B76BA54F1A74C39E0094C369 /* LaunchViewController.m */,
				B76BA5671A74E7A60094C369 /* NewEntryViewController.h */,
				B76BA5681A74E7A60094C369 /* NewEntryViewController.m */,
				A1A0F9D21A74FCE10050879E /* HistoryViewController.h */,
				A1A0F9D31A74FCE10050879E /* HistoryViewController.m */,
				A1A0F9D51A750BFF0050879E /* EntryViewController.h */,
				A1A0F9D61A750BFF0050879E /* EntryViewController.m */,
			);
			name = Controllers;
			sourceTree = "<group>";
		};
/* End PBXGroup section */

/* Begin PBXNativeTarget section */
		B76BA51A1A74C0A60094C369 /* Mend */ = {
			isa = PBXNativeTarget;
			buildConfigurationList = B76BA5411A74C0A60094C369 /* Build configuration list for PBXNativeTarget "Mend" */;
			buildPhases = (
				B76BA5171A74C0A60094C369 /* Sources */,
				B76BA5181A74C0A60094C369 /* Frameworks */,
				B76BA5191A74C0A60094C369 /* Resources */,
			);
			buildRules = (
			);
			dependencies = (
			);
			name = Mend;
			productName = Mend;
			productReference = B76BA51B1A74C0A60094C369 /* Mend.app */;
			productType = "com.apple.product-type.application";
		};
		B76BA5361A74C0A60094C369 /* MendTests */ = {
			isa = PBXNativeTarget;
			buildConfigurationList = B76BA5441A74C0A60094C369 /* Build configuration list for PBXNativeTarget "MendTests" */;
			buildPhases = (
				B76BA5331A74C0A60094C369 /* Sources */,
				B76BA5341A74C0A60094C369 /* Frameworks */,
				B76BA5351A74C0A60094C369 /* Resources */,
			);
			buildRules = (
			);
			dependencies = (
				B76BA5391A74C0A60094C369 /* PBXTargetDependency */,
			);
			name = MendTests;
			productName = MendTests;
			productReference = B76BA5371A74C0A60094C369 /* MendTests.xctest */;
			productType = "com.apple.product-type.bundle.unit-test";
		};
/* End PBXNativeTarget section */

/* Begin PBXProject section */
		B76BA5131A74C0A60094C369 /* Project object */ = {
			isa = PBXProject;
			attributes = {
				LastUpgradeCheck = 0610;
				ORGANIZATIONNAME = mend;
				TargetAttributes = {
					B76BA51A1A74C0A60094C369 = {
						CreatedOnToolsVersion = 6.1.1;
					};
					B76BA5361A74C0A60094C369 = {
						CreatedOnToolsVersion = 6.1.1;
						TestTargetID = B76BA51A1A74C0A60094C369;
					};
				};
			};
			buildConfigurationList = B76BA5161A74C0A60094C369 /* Build configuration list for PBXProject "Mend" */;
			compatibilityVersion = "Xcode 3.2";
			developmentRegion = English;
			hasScannedForEncodings = 0;
			knownRegions = (
				en,
				Base,
			);
			mainGroup = B76BA5121A74C0A60094C369;
			productRefGroup = B76BA51C1A74C0A60094C369 /* Products */;
			projectDirPath = "";
			projectRoot = "";
			targets = (
				B76BA51A1A74C0A60094C369 /* Mend */,
				B76BA5361A74C0A60094C369 /* MendTests */,
			);
		};
/* End PBXProject section */

/* Begin PBXResourcesBuildPhase section */
		B76BA5191A74C0A60094C369 /* Resources */ = {
			isa = PBXResourcesBuildPhase;
			buildActionMask = 2147483647;
			files = (
				B76BA52D1A74C0A60094C369 /* Main.storyboard in Resources */,
				B76BA5321A74C0A60094C369 /* LaunchScreen.xib in Resources */,
				B76BA52F1A74C0A60094C369 /* Images.xcassets in Resources */,
			);
			runOnlyForDeploymentPostprocessing = 0;
		};
		B76BA5351A74C0A60094C369 /* Resources */ = {
			isa = PBXResourcesBuildPhase;
			buildActionMask = 2147483647;
			files = (
			);
			runOnlyForDeploymentPostprocessing = 0;
		};
/* End PBXResourcesBuildPhase section */

/* Begin PBXSourcesBuildPhase section */
		B76BA5171A74C0A60094C369 /* Sources */ = {
			isa = PBXSourcesBuildPhase;
			buildActionMask = 2147483647;
			files = (
				B76BA55D1A74DAD00094C369 /* Entry.m in Sources */,
				A1A0F9D71A750BFF0050879E /* EntryViewController.m in Sources */,
				B76BA5661A74DBB10094C369 /* Drug.m in Sources */,
				B76BA5601A74DAE90094C369 /* Professional.m in Sources */,
				B76BA5241A74C0A60094C369 /* AppDelegate.m in Sources */,
				A1A0F9D41A74FCE10050879E /* HistoryViewController.m in Sources */,
				B76BA5691A74E7A60094C369 /* NewEntryViewController.m in Sources */,
				B76BA5211A74C0A60094C369 /* main.m in Sources */,
				B76BA55A1A74DAA40094C369 /* Patient.m in Sources */,
				B76BA5631A74DAF60094C369 /* Symptom.m in Sources */,
				B76BA5271A74C0A60094C369 /* Mend.xcdatamodeld in Sources */,
				B76BA5501A74C39E0094C369 /* LaunchViewController.m in Sources */,
			);
			runOnlyForDeploymentPostprocessing = 0;
		};
		B76BA5331A74C0A60094C369 /* Sources */ = {
			isa = PBXSourcesBuildPhase;
			buildActionMask = 2147483647;
			files = (
				B76BA53E1A74C0A60094C369 /* MendTests.m in Sources */,
			);
			runOnlyForDeploymentPostprocessing = 0;
		};
/* End PBXSourcesBuildPhase section */

/* Begin PBXTargetDependency section */
		B76BA5391A74C0A60094C369 /* PBXTargetDependency */ = {
			isa = PBXTargetDependency;
			target = B76BA51A1A74C0A60094C369 /* Mend */;
			targetProxy = B76BA5381A74C0A60094C369 /* PBXContainerItemProxy */;
		};
/* End PBXTargetDependency section */

/* Begin PBXVariantGroup section */
		B76BA52B1A74C0A60094C369 /* Main.storyboard */ = {
			isa = PBXVariantGroup;
			children = (
				B76BA52C1A74C0A60094C369 /* Base */,
			);
			name = Main.storyboard;
			sourceTree = "<group>";
		};
		B76BA5301A74C0A60094C369 /* LaunchScreen.xib */ = {
			isa = PBXVariantGroup;
			children = (
				B76BA5311A74C0A60094C369 /* Base */,
			);
			name = LaunchScreen.xib;
			sourceTree = "<group>";
		};
/* End PBXVariantGroup section */

/* Begin XCBuildConfiguration section */
		B76BA53F1A74C0A60094C369 /* Debug */ = {
			isa = XCBuildConfiguration;
			buildSettings = {
				ALWAYS_SEARCH_USER_PATHS = NO;
				CLANG_CXX_LANGUAGE_STANDARD = "gnu++0x";
				CLANG_CXX_LIBRARY = "libc++";
				CLANG_ENABLE_MODULES = YES;
				CLANG_ENABLE_OBJC_ARC = YES;
				CLANG_WARN_BOOL_CONVERSION = YES;
				CLANG_WARN_CONSTANT_CONVERSION = YES;
				CLANG_WARN_DIRECT_OBJC_ISA_USAGE = YES_ERROR;
				CLANG_WARN_EMPTY_BODY = YES;
				CLANG_WARN_ENUM_CONVERSION = YES;
				CLANG_WARN_INT_CONVERSION = YES;
				CLANG_WARN_OBJC_ROOT_CLASS = YES_ERROR;
				CLANG_WARN_UNREACHABLE_CODE = YES;
				CLANG_WARN__DUPLICATE_METHOD_MATCH = YES;
				"CODE_SIGN_IDENTITY[sdk=iphoneos*]" = "iPhone Developer";
				COPY_PHASE_STRIP = NO;
				ENABLE_STRICT_OBJC_MSGSEND = YES;
				GCC_C_LANGUAGE_STANDARD = gnu99;
				GCC_DYNAMIC_NO_PIC = NO;
				GCC_OPTIMIZATION_LEVEL = 0;
				GCC_PREPROCESSOR_DEFINITIONS = (
					"DEBUG=1",
					"$(inherited)",
				);
				GCC_SYMBOLS_PRIVATE_EXTERN = NO;
				GCC_WARN_64_TO_32_BIT_CONVERSION = YES;
				GCC_WARN_ABOUT_RETURN_TYPE = YES_ERROR;
				GCC_WARN_UNDECLARED_SELECTOR = YES;
				GCC_WARN_UNINITIALIZED_AUTOS = YES_AGGRESSIVE;
				GCC_WARN_UNUSED_FUNCTION = YES;
				GCC_WARN_UNUSED_VARIABLE = YES;
				IPHONEOS_DEPLOYMENT_TARGET = 8.1;
				MTL_ENABLE_DEBUG_INFO = YES;
				ONLY_ACTIVE_ARCH = YES;
				SDKROOT = iphoneos;
			};
			name = Debug;
		};
		B76BA5401A74C0A60094C369 /* Release */ = {
			isa = XCBuildConfiguration;
			buildSettings = {
				ALWAYS_SEARCH_USER_PATHS = NO;
				CLANG_CXX_LANGUAGE_STANDARD = "gnu++0x";
				CLANG_CXX_LIBRARY = "libc++";
				CLANG_ENABLE_MODULES = YES;
				CLANG_ENABLE_OBJC_ARC = YES;
				CLANG_WARN_BOOL_CONVERSION = YES;
				CLANG_WARN_CONSTANT_CONVERSION = YES;
				CLANG_WARN_DIRECT_OBJC_ISA_USAGE = YES_ERROR;
				CLANG_WARN_EMPTY_BODY = YES;
				CLANG_WARN_ENUM_CONVERSION = YES;
				CLANG_WARN_INT_CONVERSION = YES;
				CLANG_WARN_OBJC_ROOT_CLASS = YES_ERROR;
				CLANG_WARN_UNREACHABLE_CODE = YES;
				CLANG_WARN__DUPLICATE_METHOD_MATCH = YES;
				"CODE_SIGN_IDENTITY[sdk=iphoneos*]" = "iPhone Developer";
				COPY_PHASE_STRIP = YES;
				ENABLE_NS_ASSERTIONS = NO;
				ENABLE_STRICT_OBJC_MSGSEND = YES;
				GCC_C_LANGUAGE_STANDARD = gnu99;
				GCC_WARN_64_TO_32_BIT_CONVERSION = YES;
				GCC_WARN_ABOUT_RETURN_TYPE = YES_ERROR;
				GCC_WARN_UNDECLARED_SELECTOR = YES;
				GCC_WARN_UNINITIALIZED_AUTOS = YES_AGGRESSIVE;
				GCC_WARN_UNUSED_FUNCTION = YES;
				GCC_WARN_UNUSED_VARIABLE = YES;
				IPHONEOS_DEPLOYMENT_TARGET = 8.1;
				MTL_ENABLE_DEBUG_INFO = NO;
				SDKROOT = iphoneos;
				VALIDATE_PRODUCT = YES;
			};
			name = Release;
		};
		B76BA5421A74C0A60094C369 /* Debug */ = {
			isa = XCBuildConfiguration;
			buildSettings = {
				ASSETCATALOG_COMPILER_APPICON_NAME = AppIcon;
				INFOPLIST_FILE = Mend/Info.plist;
				LD_RUNPATH_SEARCH_PATHS = "$(inherited) @executable_path/Frameworks";
				PRODUCT_NAME = "$(TARGET_NAME)";
			};
			name = Debug;
		};
		B76BA5431A74C0A60094C369 /* Release */ = {
			isa = XCBuildConfiguration;
			buildSettings = {
				ASSETCATALOG_COMPILER_APPICON_NAME = AppIcon;
				INFOPLIST_FILE = Mend/Info.plist;
				LD_RUNPATH_SEARCH_PATHS = "$(inherited) @executable_path/Frameworks";
				PRODUCT_NAME = "$(TARGET_NAME)";
			};
			name = Release;
		};
		B76BA5451A74C0A60094C369 /* Debug */ = {
			isa = XCBuildConfiguration;
			buildSettings = {
				BUNDLE_LOADER = "$(TEST_HOST)";
				FRAMEWORK_SEARCH_PATHS = (
					"$(SDKROOT)/Developer/Library/Frameworks",
					"$(inherited)",
				);
				GCC_PREPROCESSOR_DEFINITIONS = (
					"DEBUG=1",
					"$(inherited)",
				);
				INFOPLIST_FILE = MendTests/Info.plist;
				LD_RUNPATH_SEARCH_PATHS = "$(inherited) @executable_path/Frameworks @loader_path/Frameworks";
				PRODUCT_NAME = "$(TARGET_NAME)";
				TEST_HOST = "$(BUILT_PRODUCTS_DIR)/Mend.app/Mend";
			};
			name = Debug;
		};
		B76BA5461A74C0A60094C369 /* Release */ = {
			isa = XCBuildConfiguration;
			buildSettings = {
				BUNDLE_LOADER = "$(TEST_HOST)";
				FRAMEWORK_SEARCH_PATHS = (
					"$(SDKROOT)/Developer/Library/Frameworks",
					"$(inherited)",
				);
				INFOPLIST_FILE = MendTests/Info.plist;
				LD_RUNPATH_SEARCH_PATHS = "$(inherited) @executable_path/Frameworks @loader_path/Frameworks";
				PRODUCT_NAME = "$(TARGET_NAME)";
				TEST_HOST = "$(BUILT_PRODUCTS_DIR)/Mend.app/Mend";
			};
			name = Release;
		};
/* End XCBuildConfiguration section */

/* Begin XCConfigurationList section */
		B76BA5161A74C0A60094C369 /* Build configuration list for PBXProject "Mend" */ = {
			isa = XCConfigurationList;
			buildConfigurations = (
				B76BA53F1A74C0A60094C369 /* Debug */,
				B76BA5401A74C0A60094C369 /* Release */,
			);
			defaultConfigurationIsVisible = 0;
			defaultConfigurationName = Release;
		};
		B76BA5411A74C0A60094C369 /* Build configuration list for PBXNativeTarget "Mend" */ = {
			isa = XCConfigurationList;
			buildConfigurations = (
				B76BA5421A74C0A60094C369 /* Debug */,
				B76BA5431A74C0A60094C369 /* Release */,
			);
			defaultConfigurationIsVisible = 0;
			defaultConfigurationName = Release;
		};
		B76BA5441A74C0A60094C369 /* Build configuration list for PBXNativeTarget "MendTests" */ = {
			isa = XCConfigurationList;
			buildConfigurations = (
				B76BA5451A74C0A60094C369 /* Debug */,
				B76BA5461A74C0A60094C369 /* Release */,
			);
			defaultConfigurationIsVisible = 0;
			defaultConfigurationName = Release;
		};
/* End XCConfigurationList section */

/* Begin XCVersionGroup section */
		B76BA5251A74C0A60094C369 /* Mend.xcdatamodeld */ = {
			isa = XCVersionGroup;
			children = (
				B76BA5261A74C0A60094C369 /* Mend.xcdatamodel */,
			);
			currentVersion = B76BA5261A74C0A60094C369 /* Mend.xcdatamodel */;
			path = Mend.xcdatamodeld;
			sourceTree = "<group>";
			versionGroupType = wrapper.xcdatamodel;
		};
/* End XCVersionGroup section */
	};
	rootObject = B76BA5131A74C0A60094C369 /* Project object */;
}
